
Microsoft Visual Studio Solution File, Format Version 12.00
Project("{FAE04EC0-301F-11D3-BF4B-00C04F79EFBC}") = "CodePulse.API", "CodePulse.API\CodePulse.API.csproj", "{DB82AB33-4109-42F9-AC42-607065B8C20F}"
EndProject
Global
	GlobalSection(SolutionConfigurationPlatforms) = preSolution
		Debug|Any CPU = Debug|Any CPU
		Release|Any CPU = Release|Any CPU
	EndGlobalSection
	GlobalSection(ProjectConfigurationPlatforms) = postSolution
		{DB82AB33-4109-42F9-AC42-607065B8C20F}.Debug|Any CPU.ActiveCfg = Debug|Any CPU
		{DB82AB33-4109-42F9-AC42-607065B8C20F}.Debug|Any CPU.Build.0 = Debug|Any CPU
		{DB82AB33-4109-42F9-AC42-607065B8C20F}.Release|Any CPU.ActiveCfg = Release|Any CPU
		{DB82AB33-4109-42F9-AC42-607065B8C20F}.Release|Any CPU.Build.0 = Release|Any CPU
	EndGlobalSection
EndGlobal
